github.com/go-stack/stack v1.8.1 h1:ntEHSVwIt7PNXNpgPmVfMrNhLtgjlmnZha2kOpuRiDw=
github.com/go-stack/stack v1.8.1/go.mod h1:dcoOX6HbPZSZptuspn9bctJ+N/CnF5gGygcUP3XYfe4=
github.com/gofrs/uuid v4.0.0+incompatible h1:1SD/1F5pU8p29ybwgQSwpQk+mwdRrXCYuPhW6m+TnJw=
github.com/gofrs/uuid v4.0.0+incompatible/go.mod h1:b2aQJv3Z4Fp6yNu3cdSllBxTCLRxnplIgP/c0N/04lM=
github.com/inconshreveable/log15 v3.0.0-testing.5+incompatible h1:VryeOTiaZfAzwx8xBcID1KlJCeoWSIpsNbSk+/D2LNk=
github.com/inconshreveable/log15 v3.0.0-testing.5+incompatible/go.mod h1:cOaXtrgN4ScfRrD9Bre7U1thNq5RtJ8ZoP4iXVGRj6o=
github.com/kevinburke/go-debug v2.0.1-0.20160414204915-8a83ccc090f8+incompatible h1:m2qXioYLLF/CuFTM/3Zshvo/dKIzjzXckzGy0UrjHgI=
github.com/kevinburke/go-debug v2.0.1-0.20160414204915-8a83ccc090f8+incompatible/go.mod h1:6xOjIOfFZcovzGeySoTuIEO3XsW2D0m10jKGTsNV6+w=
github.com/kevinburke/go-simple-metrics v0.0.0-20211126213445-908577f01246 h1:Zqgd6j8W8VAGhFUPcWflnfwmFj6wN5xHKiJZhFgxSmM=
github.com/kevinburke/go-simple-metrics v0.0.0-20211126213445-908577f01246/go.mod h1:HbyHBCdo8sqXbHmhi+sP1WnIwZ1Q7ulrD+sLdn/9xdE=
github.com/kevinburke/go-types v0.0.0-20210723172823-2deba1f80ba7 h1:K8qael4LemsmJCGt+ccI8b0fCNFDttmEu3qtpFt3G0M=
github.com/kevinburke/go-types v0.0.0-20210723172823-2deba1f80ba7/go.mod h1:/Pk5i/SqYdYv1cie5wGwoZ4P6TpgMi+Yf58mtJSHdOw=
github.com/kevinburke/handlers v0.0.0-20230925040254-818e9b107ec1 h1:f+AXZ26imzG+Z+vFp/pivh+zyjcBTBIXvFBJeylHn0Y=
github.com/kevinburke/handlers v0.0.0-20230925040254-818e9b107ec1/go.mod h1:wOuHsUtSfRb2irqcjH8V3/hrPZq9wKy+NxX+hbfY0uI=
github.com/kevinburke/rest v0.0.0-20230306061549-8f487d822ad0 h1:2b9anKtyO/UTUQb+TAdPAW+w0p9xCIvng4fdZJ2xsYk=
github.com/kevinburke/rest v0.0.0-20230306061549-8f487d822ad0/go.mod h1:pD+iEcdAGVXld5foVN4e24zb/6fnb60tgZPZ3P/3T/I=
github.com/kevinburke/semaphore v1.1.0 h1:4zL+g1D0fufdJX5iGhKfazvIrXiBrKceI7s8xPPljRM=
github.com/kevinburke/semaphore v1.1.0/go.mod h1:5WqZTLplig+pkCEbKt9WzMQ9MTk2NrVB3QBJK/OOMDM=
github.com/lib/pq v1.10.9 h1:YXG7RB+JIjhP29X+OtkiDnYaXQwpS4JEWq7dtCCRUEw=
github.com/lib/pq v1.10.9/go.mod h1:AlVN5x4E4T544tWzH6hKfbfQvm3HdbOxrmggDNAPY9o=
github.com/mattn/go-colorable v0.1.13 h1:fFA4WZxdEF4tXPZVKMLwD8oUnCTTo08duU7wxecdEvA=
github.com/mattn/go-colorable v0.1.13/go.mod h1:7S9/ev0klgBDR4GtXTXX8a3vIGJpMovkB8vQcUbaXHg=
github.com/mattn/go-isatty v0.0.16/go.mod h1:kYGgaQfpe5nmfYZH+SKPsOc2e4SrIfOl2e/yFXSvRLM=
github.com/mattn/go-isatty v0.0.20 h1:xfD0iDuEKnDkl03q4limB+vH+GxLEtL/jb4xVJSWWEY=
github.com/mattn/go-isatty v0.0.20/go.mod h1:W+V8PltTTMOvKvAeJH7IuucS94S2C6jfK/D7dTCTo3Y=
github.com/mihasya/go-metrics-librato v0.0.0-20160422165249-0ec8d5e8bf04 h1:8R0fxvBKFMmdVq8micNRlL6g303/JJ3idWgYGuC+TJU=
github.com/mihasya/go-metrics-librato v0.0.0-20160422165249-0ec8d5e8bf04/go.mod h1:fNYYyNYugRpRjkKGkT06sac0r5nHjGU80vtqoZ4wpV8=
github.com/rcrowley/go-metrics v0.0.0-20160226052904-eeba7bd0dd01 h1:XCHS0IhcFEQoiyKtFqXFRXgLKjcxOuyCDeeXPNb0T7o=
github.com/rcrowley/go-metrics v0.0.0-20160226052904-eeba7bd0dd01/go.mod h1:bCqnVzQkZxMG4s8nGwiZ5l3QUCyqpo9Y+/ZMZ9VjZe4=
golang.org/x/sync v0.5.0 h1:60k92dhOjHxJkrqnwsfl8KuaHbn/5dl0lUPUklKo3qE=
golang.org/x/sync v0.5.0/go.mod h1:Czt+wKu1gCyEFDUtn0jG5QVvpJ6rzVqr5aXyt9drQfk=
golang.org/x/sys v0.0.0-20220811171246-fbc7d0a398ab/go.mod h1:oPkhp1MJrh7nUepCBck5+mAzfO9JrbApNNgaTdGDITg=
golang.org/x/sys v0.6.0/go.mod h1:oPkhp1MJrh7nUepCBck5+mAzfO9JrbApNNgaTdGDITg=
golang.org/x/sys v0.14.0 h1:Vz7Qs629MkJkGyHxUlRHizWJRG2j8fbQKjELVSNhy7Q=
golang.org/x/sys v0.14.0/go.mod h1:/VUhepiaJMQUp4+oa/7Zr1D23ma6VTLIYjOOTFZPUcA=
golang.org/x/term v0.13.0 h1:bb+I9cTfFazGW51MZqBVmZy7+JEJMouUHTUSKVQLBek=
golang.org/x/term v0.13.0/go.mod h1:LTmsnFJwVN6bCy1rVCoS+qHT1HhALEFxKncY3WNNh4U=
