github.com/go-stack/stack v1.7.0 h1:S04+lLfST9FvL8dl4R31wVUC/paZp/WQZbLmUgWboGw=
github.com/go-stack/stack v1.7.0/go.mod h1:v0f6uXyyMGvRgIKkXu+yp6POWl0qKG85gN/melR3HDY=
github.com/gofrs/uuid v4.0.0+incompatible h1:1SD/1F5pU8p29ybwgQSwpQk+mwdRrXCYuPhW6m+TnJw=
github.com/gofrs/uuid v4.0.0+incompatible/go.mod h1:b2aQJv3Z4Fp6yNu3cdSllBxTCLRxnplIgP/c0N/04lM=
github.com/inconshreveable/log15 v3.0.0-testing.5+incompatible h1:VryeOTiaZfAzwx8xBcID1KlJCeoWSIpsNbSk+/D2LNk=
github.com/inconshreveable/log15 v3.0.0-testing.5+incompatible/go.mod h1:cOaXtrgN4ScfRrD9Bre7U1thNq5RtJ8ZoP4iXVGRj6o=
github.com/kevinburke/go-debug v2.0.1-0.20160414204915-8a83ccc090f8+incompatible h1:m2qXioYLLF/CuFTM/3Zshvo/dKIzjzXckzGy0UrjHgI=
github.com/kevinburke/go-debug v2.0.1-0.20160414204915-8a83ccc090f8+incompatible/go.mod h1:6xOjIOfFZcovzGeySoTuIEO3XsW2D0m10jKGTsNV6+w=
github.com/kevinburke/go-simple-metrics v0.0.0-20211126213445-908577f01246 h1:Zqgd6j8W8VAGhFUPcWflnfwmFj6wN5xHKiJZhFgxSmM=
github.com/kevinburke/go-simple-metrics v0.0.0-20211126213445-908577f01246/go.mod h1:HbyHBCdo8sqXbHmhi+sP1WnIwZ1Q7ulrD+sLdn/9xdE=
github.com/kevinburke/go-types v0.0.0-20210723172823-2deba1f80ba7 h1:K8qael4LemsmJCGt+ccI8b0fCNFDttmEu3qtpFt3G0M=
github.com/kevinburke/go-types v0.0.0-20210723172823-2deba1f80ba7/go.mod h1:/Pk5i/SqYdYv1cie5wGwoZ4P6TpgMi+Yf58mtJSHdOw=
github.com/kevinburke/handlers v0.0.0-20221122041956-e19cda53bf92 h1:aOHtAnHgEVku982H9jpyQ9ESRwwT7bcjKF8TH0geSNY=
github.com/kevinburke/handlers v0.0.0-20221122041956-e19cda53bf92/go.mod h1:wOuHsUtSfRb2irqcjH8V3/hrPZq9wKy+NxX+hbfY0uI=
github.com/kevinburke/rest v0.0.0-20210506044642-5611499aa33c h1:hnbwWED5rIu+UaMkLR3JtnscMVGqp35lfzQwLuZAAUY=
github.com/kevinburke/rest v0.0.0-20210506044642-5611499aa33c/go.mod h1:pD+iEcdAGVXld5foVN4e24zb/6fnb60tgZPZ3P/3T/I=
github.com/kevinburke/semaphore v1.1.0 h1:4zL+g1D0fufdJX5iGhKfazvIrXiBrKceI7s8xPPljRM=
github.com/kevinburke/semaphore v1.1.0/go.mod h1:5WqZTLplig+pkCEbKt9WzMQ9MTk2NrVB3QBJK/OOMDM=
github.com/lib/pq v1.10.7 h1:p7ZhMD+KsSRozJr34udlUrhboJwWAgCg34+/ZZNvZZw=
github.com/lib/pq v1.10.7/go.mod h1:AlVN5x4E4T544tWzH6hKfbfQvm3HdbOxrmggDNAPY9o=
github.com/mattn/go-colorable v0.1.6 h1:6Su7aK7lXmJ/U79bYtBjLNaha4Fs1Rg9plHpcH+vvnE=
github.com/mattn/go-colorable v0.1.6/go.mod h1:u6P/XSegPjTcexA+o6vUJrdnUu04hMope9wVRipJSqc=
github.com/mattn/go-isatty v0.0.12 h1:wuysRhFDzyxgEmMf5xjvJ2M9dZoWAXNNr5LSBS7uHXY=
github.com/mattn/go-isatty v0.0.12/go.mod h1:cbi8OIDigv2wuxKPP5vlRcQ1OAZbq2CE4Kysco4FUpU=
github.com/mihasya/go-metrics-librato v0.0.0-20160422165249-0ec8d5e8bf04 h1:8R0fxvBKFMmdVq8micNRlL6g303/JJ3idWgYGuC+TJU=
github.com/mihasya/go-metrics-librato v0.0.0-20160422165249-0ec8d5e8bf04/go.mod h1:fNYYyNYugRpRjkKGkT06sac0r5nHjGU80vtqoZ4wpV8=
github.com/rcrowley/go-metrics v0.0.0-20160226052904-eeba7bd0dd01 h1:XCHS0IhcFEQoiyKtFqXFRXgLKjcxOuyCDeeXPNb0T7o=
github.com/rcrowley/go-metrics v0.0.0-20160226052904-eeba7bd0dd01/go.mod h1:bCqnVzQkZxMG4s8nGwiZ5l3QUCyqpo9Y+/ZMZ9VjZe4=
golang.org/x/sync v0.1.0 h1:wsuoTGHzEhffawBOhz5CYhcrV4IdKZbEyZjBMuTp12o=
golang.org/x/sync v0.1.0/go.mod h1:RxMgew5VJxzue5/jJTE5uejpjVlOe/izrB70Jof72aM=
golang.org/x/sys v0.0.0-20200116001909-b77594299b42/go.mod h1:h1NjWce9XRLGQEsW7wpKNCjG9DtNlClVuFLEZdDNbEs=
golang.org/x/sys v0.0.0-20200223170610-d5e6a3e2c0ae/go.mod h1:h1NjWce9XRLGQEsW7wpKNCjG9DtNlClVuFLEZdDNbEs=
golang.org/x/sys v0.4.0 h1:Zr2JFtRQNX3BCZ8YtxRE9hNJYC8J6I1MVbMg6owUp18=
golang.org/x/sys v0.4.0/go.mod h1:oPkhp1MJrh7nUepCBck5+mAzfO9JrbApNNgaTdGDITg=
golang.org/x/term v0.4.0 h1:O7UWfv5+A2qiuulQk30kVinPoMtoIPeVaKLEgLpVkvg=
golang.org/x/term v0.4.0/go.mod h1:9P2UbLfCdcvo3p/nzKvsmas4TnlujnuoV9hGgYzW1lQ=
