# This file is autogenerated, do not edit; changes may be undone by the next 'dep ensure'.


[[projects]]
  digest = "1:c4a2528ccbcabf90f9f3c464a5fc9e302d592861bbfd0b7135a7de8a943d0406"
  name = "github.com/go-stack/stack"
  packages = ["."]
  pruneopts = "UT"
  revision = "259ab82a6cad3992b4e21ff5cac294ccb06474bc"
  version = "v1.7.0"

[[projects]]
  digest = "1:dacb152d24b21683403e82e4e397e973cdc218befff03b0eba8f7fbffcef325c"
  name = "github.com/inconshreveable/log15"
  packages = ["."]
  pruneopts = "UT"
  revision = "0decfc6c20d9ca0ad143b0e89dcaa20f810b4fb3"
  version = "v2.13"

[[projects]]
  branch = "master"
  digest = "1:04d7cb83f88f60dda10244f770bd20e1816c296b1f485dc2fd49e8e9de638893"
  name = "github.com/kevinburke/go-debug"
  packages = ["."]
  pruneopts = "UT"
  revision = "8a83ccc090f85476c00619c04fd46f37b973a031"

[[projects]]
  digest = "1:62637422795c7731020e31a0870ef9e9808b22c43a6b1f8e3ae1082c1f28ea7a"
  name = "github.com/kevinburke/go-simple-metrics"
  packages = ["."]
  pruneopts = "UT"
  revision = "ca866293b9565a00b1e69543f1a96f01b76f7bd0"
  version = "1.0"

[[projects]]
  digest = "1:1343b30ebb41b6b9241b2c7af554ee49afaa45c726bdd3e0a15eb574273950a7"
  name = "github.com/kevinburke/go-types"
  packages = ["."]
  pruneopts = "UT"
  revision = "f2d4aea18a7a1f5e91b1e7afaaa2459213dff6f5"
  version = "1.0"

[[projects]]
  digest = "1:c34274a85e6b86a0bedded8671647fbf9b84a73411e5b04beaf75ff34596b117"
  name = "github.com/kevinburke/go.uuid"
  packages = ["."]
  pruneopts = "UT"
  revision = "24443c65ec63d9e040fd4cedf0f1048b5d3544f7"
  version = "v1.2.0"

[[projects]]
  branch = "master"
  digest = "1:caded5ce2e0d8a8e4168ff449909560f68f254a27fb5e951ea62194895f02d06"
  name = "github.com/kevinburke/handlers"
  packages = ["."]
  pruneopts = "UT"
  revision = "18b309ca38bfb359c1275c1305f71f5562229ebb"

[[projects]]
  digest = "1:e084bc0e1be6168bcd420b4e078eab09338e24a810dcf7e0412c98db8f9b1778"
  name = "github.com/kevinburke/rest"
  packages = [
    ".",
    "restclient",
    "resterror",
  ]
  pruneopts = "UT"
  revision = "7f83c79a062216fda503113f7c598b086cbe00f7"
  version = "2.4"

[[projects]]
  digest = "1:696d670dc1768c81e60e30fe758de6db1546f82e17391de50e0f2a53e6c1e2dd"
  name = "github.com/kevinburke/semaphore"
  packages = ["."]
  pruneopts = "UT"
  revision = "5c0f24b0593d38f84f84df633ed1c22fde3f3e91"
  version = "1.0"

[[projects]]
  branch = "master"
  digest = "1:12b376a2e4ef5f76db3a199b0188f69f08920b3dced8744aed8fe6a91d563ae1"
  name = "github.com/lib/pq"
  packages = [
    ".",
    "oid",
    "scram",
  ]
  pruneopts = "UT"
  revision = "b2901c7946b69f1e7226214f9760e31620499595"

[[projects]]
  digest = "1:0109cf4321a15313ec895f42e723e1f76121c6975ea006abfa20012272ec0937"
  name = "github.com/mattn/go-colorable"
  packages = ["."]
  pruneopts = "UT"
  revision = "68e95eba382c972aafde02ead2cd2426a8a92480"
  version = "v0.1.6"

[[projects]]
  digest = "1:0c58d31abe2a2ccb429c559b6292e7df89dcda675456fecc282fa90aa08273eb"
  name = "github.com/mattn/go-isatty"
  packages = ["."]
  pruneopts = "UT"
  revision = "7b513a986450394f7bbf1476909911b3aa3a55ce"
  version = "v0.0.12"

[[projects]]
  digest = "1:e5c3ad7ed64b1e25b48ccf6795ba7e4fc2d98aedc13441217cb0c920d6ddbcf3"
  name = "github.com/mihasya/go-metrics-librato"
  packages = ["."]
  pruneopts = "UT"
  revision = "0ec8d5e8bf04a48fc5c96792bfd016b08afdabad"

[[projects]]
  digest = "1:34a4caa0fc97532679aa65b1c344338099def58f5bc203ba8bd901683adbb544"
  name = "github.com/rcrowley/go-metrics"
  packages = ["."]
  pruneopts = "UT"
  revision = "eeba7bd0dd01ace6e690fa833b3f22aaec29af43"

[[projects]]
  branch = "master"
  digest = "1:76ee51c3f468493aff39dbacc401e8831fbb765104cbf613b89bef01cf4bad70"
  name = "golang.org/x/net"
  packages = ["context"]
  pruneopts = "UT"
  revision = "ff2c4b7c35a07b0c1e90ce72aa7bfe41bb66a3cb"

[[projects]]
  branch = "master"
  digest = "1:39ebcc2b11457b703ae9ee2e8cca0f68df21969c6102cb3b705f76cca0ea0239"
  name = "golang.org/x/sync"
  packages = ["errgroup"]
  pruneopts = "UT"
  revision = "1d60e4601c6fd243af51cc01ddf169918a5407ca"

[[projects]]
  branch = "master"
  digest = "1:f7409593222992887ce91e3a437f3001557af55100a4447e74f72aa904fcbb5d"
  name = "golang.org/x/sys"
  packages = ["unix"]
  pruneopts = "UT"
  revision = "593003d681fa6bf81a6affb4ef4129684af97f9c"

[solve-meta]
  analyzer-name = "dep"
  analyzer-version = 1
  input-imports = [
    "github.com/inconshreveable/log15",
    "github.com/kevinburke/go-simple-metrics",
    "github.com/kevinburke/go-types",
    "github.com/kevinburke/go.uuid",
    "github.com/kevinburke/handlers",
    "github.com/kevinburke/rest",
    "github.com/kevinburke/rest/restclient",
    "github.com/kevinburke/rest/resterror",
    "github.com/kevinburke/semaphore",
    "github.com/lib/pq",
    "golang.org/x/sync/errgroup",
    "golang.org/x/sys/unix",
  ]
  solver-name = "gps-cdcl"
  solver-version = 1
