# This file is autogenerated, do not edit; changes may be undone by the next 'dep ensure'.


[[projects]]
  digest = "1:c4a2528ccbcabf90f9f3c464a5fc9e302d592861bbfd0b7135a7de8a943d0406"
  name = "github.com/go-stack/stack"
  packages = ["."]
  pruneopts = "UT"
  revision = "259ab82a6cad3992b4e21ff5cac294ccb06474bc"
  version = "v1.7.0"

[[projects]]
  digest = "1:b4c37f161f9abc89aede53a621205cda38d2df6659dff7b8044d8295ed24291f"
  name = "github.com/gofrs/uuid"
  packages = ["."]
  pruneopts = "UT"
  revision = "4b36aa0ea796d49630bbae624f8f05ab7013af77"
  version = "v4.0.0"

[[projects]]
  digest = "1:dacb152d24b21683403e82e4e397e973cdc218befff03b0eba8f7fbffcef325c"
  name = "github.com/inconshreveable/log15"
  packages = ["."]
  pruneopts = "UT"
  revision = "0decfc6c20d9ca0ad143b0e89dcaa20f810b4fb3"
  version = "v2.13"

[[projects]]
  branch = "master"
  digest = "1:04d7cb83f88f60dda10244f770bd20e1816c296b1f485dc2fd49e8e9de638893"
  name = "github.com/kevinburke/go-debug"
  packages = ["."]
  pruneopts = "UT"
  revision = "8a83ccc090f85476c00619c04fd46f37b973a031"

[[projects]]
  digest = "1:62637422795c7731020e31a0870ef9e9808b22c43a6b1f8e3ae1082c1f28ea7a"
  name = "github.com/kevinburke/go-simple-metrics"
  packages = ["."]
  pruneopts = "UT"
  revision = "ca866293b9565a00b1e69543f1a96f01b76f7bd0"
  version = "1.0"

[[projects]]
  digest = "1:413b8a48a1cb840a1cc144a1f9935f193e362608cd8f9464b6ebfd7d5ca68a0d"
  name = "github.com/kevinburke/go-types"
  packages = ["."]
  pruneopts = "UT"
  revision = "2deba1f80ba7b6516678685e855be6f58fb55c17"
  version = "1.2"

[[projects]]
  branch = "master"
  digest = "1:97812d153dcafdafa93cffc6e660a2a23b452ffe5375ae264a1246be5ea26bba"
  name = "github.com/kevinburke/handlers"
  packages = ["."]
  pruneopts = "UT"
  revision = "b0ea10088d2c8da840b98f2fd4559a5ded27a3dc"

[[projects]]
  digest = "1:e084bc0e1be6168bcd420b4e078eab09338e24a810dcf7e0412c98db8f9b1778"
  name = "github.com/kevinburke/rest"
  packages = [
    ".",
    "restclient",
    "resterror",
  ]
  pruneopts = "UT"
  revision = "7f83c79a062216fda503113f7c598b086cbe00f7"
  version = "2.4"

[[projects]]
  digest = "1:696d670dc1768c81e60e30fe758de6db1546f82e17391de50e0f2a53e6c1e2dd"
  name = "github.com/kevinburke/semaphore"
  packages = ["."]
  pruneopts = "UT"
  revision = "5c0f24b0593d38f84f84df633ed1c22fde3f3e91"
  version = "1.0"

[[projects]]
  branch = "master"
  digest = "1:aa9cf77e18d867dfbab5ea3b4a13dbc812ade8999c3e109f30ff232468290439"
  name = "github.com/lib/pq"
  packages = [
    ".",
    "oid",
    "scram",
  ]
  pruneopts = "UT"
  revision = "9e747ca50601fcb6c958dd89f4cb8aea3e067767"

[[projects]]
  digest = "1:0109cf4321a15313ec895f42e723e1f76121c6975ea006abfa20012272ec0937"
  name = "github.com/mattn/go-colorable"
  packages = ["."]
  pruneopts = "UT"
  revision = "68e95eba382c972aafde02ead2cd2426a8a92480"
  version = "v0.1.6"

[[projects]]
  digest = "1:0c58d31abe2a2ccb429c559b6292e7df89dcda675456fecc282fa90aa08273eb"
  name = "github.com/mattn/go-isatty"
  packages = ["."]
  pruneopts = "UT"
  revision = "7b513a986450394f7bbf1476909911b3aa3a55ce"
  version = "v0.0.12"

[[projects]]
  digest = "1:e5c3ad7ed64b1e25b48ccf6795ba7e4fc2d98aedc13441217cb0c920d6ddbcf3"
  name = "github.com/mihasya/go-metrics-librato"
  packages = ["."]
  pruneopts = "UT"
  revision = "0ec8d5e8bf04a48fc5c96792bfd016b08afdabad"

[[projects]]
  digest = "1:34a4caa0fc97532679aa65b1c344338099def58f5bc203ba8bd901683adbb544"
  name = "github.com/rcrowley/go-metrics"
  packages = ["."]
  pruneopts = "UT"
  revision = "eeba7bd0dd01ace6e690fa833b3f22aaec29af43"

[[projects]]
  branch = "master"
  digest = "1:76ee51c3f468493aff39dbacc401e8831fbb765104cbf613b89bef01cf4bad70"
  name = "golang.org/x/net"
  packages = ["context"]
  pruneopts = "UT"
  revision = "ff2c4b7c35a07b0c1e90ce72aa7bfe41bb66a3cb"

[[projects]]
  branch = "master"
  digest = "1:39ebcc2b11457b703ae9ee2e8cca0f68df21969c6102cb3b705f76cca0ea0239"
  name = "golang.org/x/sync"
  packages = ["errgroup"]
  pruneopts = "UT"
  revision = "1d60e4601c6fd243af51cc01ddf169918a5407ca"

[[projects]]
  branch = "master"
  digest = "1:076ff19c9166681b96d03f1779230798eab069063e01a562f05b88f98fc2d5b1"
  name = "golang.org/x/sys"
  packages = [
    "internal/unsafeheader",
    "unix",
  ]
  pruneopts = "UT"
  revision = "ef496fb156abb033f71ae4fa16812778efe144f5"

[solve-meta]
  analyzer-name = "dep"
  analyzer-version = 1
  input-imports = [
    "github.com/gofrs/uuid",
    "github.com/inconshreveable/log15",
    "github.com/kevinburke/go-simple-metrics",
    "github.com/kevinburke/go-types",
    "github.com/kevinburke/handlers",
    "github.com/kevinburke/rest",
    "github.com/kevinburke/rest/restclient",
    "github.com/kevinburke/rest/resterror",
    "github.com/kevinburke/semaphore",
    "github.com/lib/pq",
    "golang.org/x/sync/errgroup",
    "golang.org/x/sys/unix",
  ]
  solver-name = "gps-cdcl"
  solver-version = 1
